
Microsoft Visual Studio Solution File, Format Version 12.00
# Visual Studio Version 16
VisualStudioVersion = 16.0.29905.134
MinimumVisualStudioVersion = 10.0.40219.1
Project("{FAE04EC0-301F-11D3-BF4B-00C04F79EFBC}") = "Trips", "Trips\Trips.csproj", "{6E86EB5E-62B6-4FF8-A74A-F9B926D4533D}"
EndProject
Global
	GlobalSection(SolutionConfigurationPlatforms) = preSolution
		Debug|Any CPU = Debug|Any CPU
		Release|Any CPU = Release|Any CPU
	EndGlobalSection
	GlobalSection(ProjectConfigurationPlatforms) = postSolution
		{6E86EB5E-62B6-4FF8-A74A-F9B926D4533D}.Debug|Any CPU.ActiveCfg = Debug|Any CPU
		{6E86EB5E-62B6-4FF8-A74A-F9B926D4533D}.Debug|Any CPU.Build.0 = Debug|Any CPU
		{6E86EB5E-62B6-4FF8-A74A-F9B926D4533D}.Release|Any CPU.ActiveCfg = Release|Any CPU
		{6E86EB5E-62B6-4FF8-A74A-F9B926D4533D}.Release|Any CPU.Build.0 = Release|Any CPU
	EndGlobalSection
	GlobalSection(SolutionProperties) = preSolution
		HideSolutionNode = FALSE
	EndGlobalSection
	GlobalSection(ExtensibilityGlobals) = postSolution
		SolutionGuid = {B64CA148-C4BE-484B-B42F-20EEB492303B}
	EndGlobalSection
EndGlobal
